
Microsoft Visual Studio Solution File, Format Version 12.00
# Visual Studio Version 17
VisualStudioVersion = 17.11.35312.102
MinimumVisualStudioVersion = 10.0.40219.1
Project("{FAE04EC0-301F-11D3-BF4B-00C04F79EFBC}") = "RefBody22", "RefBody22\RefBody22.csproj", "{5EECED22-1DC7-4341-A576-B8930C727AC7}"
EndProject
Global
	GlobalSection(SolutionConfigurationPlatforms) = preSolution
		Debug|Any CPU = Debug|Any CPU
		Release|Any CPU = Release|Any CPU
	EndGlobalSection
	GlobalSection(ProjectConfigurationPlatforms) = postSolution
		{5EECED22-1DC7-4341-A576-B8930C727AC7}.Debug|Any CPU.ActiveCfg = Debug|Any CPU
		{5EECED22-1DC7-4341-A576-B8930C727AC7}.Debug|Any CPU.Build.0 = Debug|Any CPU
		{5EECED22-1DC7-4341-A576-B8930C727AC7}.Release|Any CPU.ActiveCfg = Release|Any CPU
		{5EECED22-1DC7-4341-A576-B8930C727AC7}.Release|Any CPU.Build.0 = Release|Any CPU
	EndGlobalSection
	GlobalSection(SolutionProperties) = preSolution
		HideSolutionNode = FALSE
	EndGlobalSection
	GlobalSection(ExtensibilityGlobals) = postSolution
		SolutionGuid = {80ACF83D-C344-40FA-AF6C-720CEA6D8426}
	EndGlobalSection
EndGlobal
